<Solution>
  <Project Path="ChestPeek/ChestPeek.csproj" />
  <Project Path="CreatureMarker/CreatureMarker.csproj" />
  <Project Path="QuickFill/QuickFill.csproj" />
  <Project Path="TooLow/TooLow.csproj" />
  <Project Path="WeightDisplay/WeightDisplay.csproj" />
  <Project Path="WhosOnline/WhosOnline.csproj" />
</Solution>
